{
    "_meta": {
        "hash": {
            "sha256": "575ce6b3ae76427e87ec6649bf813c680e8bcf8bfec3b7f088772826ef168315"
        },
        "pipfile-spec": 6,
        "requires": {
            "langchain": "0.0.180",
            "llama-index": "0.6.11",
            "python_version": "3.10",
            "streamlit": "1.22.0"
        },
        "sources": [
            {
                "name": "pypi",
                "url": "https://pypi.org/simple",
                "verify_ssl": true
            }
        ]
    },
    "default": {},
    "develop": {}
}
